
Microsoft Visual Studio Solution File, Format Version 12.00
# Visual Studio Version 17
VisualStudioVersion = 17.7.34221.43
MinimumVisualStudioVersion = 10.0.40219.1
Project("{FAE04EC0-301F-11D3-BF4B-00C04F79EFBC}") = "Prueba_Intuito", "Prueba_Intuito.csproj", "{00876F3E-44F6-4D67-93EC-51D9B6EB64FA}"
EndProject
Global
	GlobalSection(SolutionConfigurationPlatforms) = preSolution
		Debug|Any CPU = Debug|Any CPU
		Release|Any CPU = Release|Any CPU
	EndGlobalSection
	GlobalSection(ProjectConfigurationPlatforms) = postSolution
		{00876F3E-44F6-4D67-93EC-51D9B6EB64FA}.Debug|Any CPU.ActiveCfg = Debug|Any CPU
		{00876F3E-44F6-4D67-93EC-51D9B6EB64FA}.Debug|Any CPU.Build.0 = Debug|Any CPU
		{00876F3E-44F6-4D67-93EC-51D9B6EB64FA}.Release|Any CPU.ActiveCfg = Release|Any CPU
		{00876F3E-44F6-4D67-93EC-51D9B6EB64FA}.Release|Any CPU.Build.0 = Release|Any CPU
	EndGlobalSection
	GlobalSection(SolutionProperties) = preSolution
		HideSolutionNode = FALSE
	EndGlobalSection
	GlobalSection(ExtensibilityGlobals) = postSolution
		SolutionGuid = {12FE8AA7-FFB1-4961-B1C9-B1AFDC396323}
	EndGlobalSection
EndGlobal
